
Microsoft Visual Studio Solution File, Format Version 12.00
# Visual Studio 2013
Project("{FAE04EC0-301F-11D3-BF4B-00C04F79EFBC}") = "UnityVS.Fast Line.CSharp", "UnityVS.Fast Line.CSharp.csproj", "{B9CDB838-503F-EA84-0CCD-449470C144A2}"
EndProject
Global
	GlobalSection(SolutionConfigurationPlatforms) = preSolution
		Debug|Any CPU = Debug|Any CPU
		Release|Any CPU = Release|Any CPU
	EndGlobalSection
	GlobalSection(ProjectConfigurationPlatforms) = postSolution
		{B9CDB838-503F-EA84-0CCD-449470C144A2}.Debug|Any CPU.ActiveCfg = Debug|Any CPU
		{B9CDB838-503F-EA84-0CCD-449470C144A2}.Debug|Any CPU.Build.0 = Debug|Any CPU
		{B9CDB838-503F-EA84-0CCD-449470C144A2}.Release|Any CPU.ActiveCfg = Release|Any CPU
		{B9CDB838-503F-EA84-0CCD-449470C144A2}.Release|Any CPU.Build.0 = Release|Any CPU
	EndGlobalSection
	GlobalSection(SolutionProperties) = preSolution
		HideSolutionNode = FALSE
	EndGlobalSection
EndGlobal
